using System;
using System.Collections.Generic;
using System.Linq;
using System.Text;
using System.Threading.Tasks;
using OpenTK;
using System.Drawing;
using OpenTK.Graphics;
using OpenTK.Graphics.OpenGL;
using System.Drawing.Text;


namespace MasterBlaster
{
	public enum WindowMode {Menu, Game, Settings, NewGame};
    
    class MBGameWindow : GameWindow
    {

		public bool resize = false;
		public Pane menuPane;
		public ScoreWriter scoreWriter;
		public TextWriter buttonWriter;
		public TextWriter menuWriter;
		public StringTexture scoreTexture;
		private PrivateFontCollection pfc;
		private FontFamily[] families;
		public Label testlabel;

		public WindowMode Mode;
		public void LoadFonts(){
			pfc = new PrivateFontCollection ();
			pfc.AddFontFile ("Fonts/Anonymous Pro.ttf");
			families = pfc.Families;
			this.setupFonts ();

		}
		public MBGameWindow() : base(){
			this.scoreWriter = new ScoreWriter();
			this.LoadFonts ();

		}
		public void setupFonts(){
			buttonWriter = new TextWriter (new Font(families[0], 20),
				new Size (Width, Height), new Size(Width,Height), TextWriter.Alignment.Center);
			//scoreWriter = new TextWriter (new Font(families[0], 20),
			//	new Size (Width, Height), new Size (Width,Height),  TextWriter.Alignment.Right);
			menuWriter = new TextWriter (new Font(families[0], 30),
				new Size (Width, Height), new Size(Width,Height), TextWriter.Alignment.Center);
			
		}
		public void paneSetup(){
			menuPane = new Pane (new RectangleF (-0.75f, -0.75f, 1.5f, 1.5f));
			this.setupFonts ();
			menuPane.addLabel (new Label ("MasterBlaster", new Font (families [0], 30), new PointF (0, 0)));//GameToView (0f,0.6f)));
			//menuPane.addButton (new Button ("Start New Game", new Font(families[0], 30), GameToView (0f, 0.4f)));
			testlabel = new Label("Test", new Font(families[0], 30), new PointF(0,0));
		}
		public PointF GameToView(float x, float y){
			return new PointF ((Width / (2.0f * Engine.ViewX)) * (x + Engine.ViewX),
				(- Height / (2.0f * Engine.ViewY)) * ( y - Engine.ViewY));
		}
    }	
}
