
Microsoft Visual Studio Solution File, Format Version 12.00
# Visual Studio 2012
Project("{FAE04EC0-301F-11D3-BF4B-00C04F79EFBC}") = "OpenText", "OpenText\OpenText.csproj", "{2E76B59D-6B23-41BB-A926-A1C3939B1182}"
EndProject
Global
	GlobalSection(SolutionConfigurationPlatforms) = preSolution
		Debug|Any CPU = Debug|Any CPU
		Release|Any CPU = Release|Any CPU
	EndGlobalSection
	GlobalSection(ProjectConfigurationPlatforms) = postSolution
		{2E76B59D-6B23-41BB-A926-A1C3939B1182}.Debug|Any CPU.ActiveCfg = Debug|Any CPU
		{2E76B59D-6B23-41BB-A926-A1C3939B1182}.Debug|Any CPU.Build.0 = Debug|Any CPU
		{2E76B59D-6B23-41BB-A926-A1C3939B1182}.Release|Any CPU.ActiveCfg = Release|Any CPU
		{2E76B59D-6B23-41BB-A926-A1C3939B1182}.Release|Any CPU.Build.0 = Release|Any CPU
	EndGlobalSection
EndGlobal
